<?xml version="1.0" encoding="UTF-8"?>
<!DOCTYPE plist PUBLIC "-//Apple//DTD PLIST 1.0//EN" "http://www.apple.com/DTDs/PropertyList-1.0.dtd">
<plist version="1.0">
<dict>
	<key>archiveVersion</key>
	<string>1</string>
	<key>classes</key>
	<dict/>
	<key>objectVersion</key>
	<string>46</string>
	<key>objects</key>
	<dict>
		<key>48010E981EEEB1CA0086ED62</key>
		<dict>
			<key>buildActionMask</key>
			<string>2147483647</string>
			<key>files</key>
			<array>
				<string>480110441EEEB22D0086ED62</string>
				<string>4801106E1EEEB2730086ED62</string>
				<string>480110721EEEB2730086ED62</string>
				<string>480110431EEEB22D0086ED62</string>
				<string>480110751EEEB2730086ED62</string>
				<string>4801107A1EEEB2730086ED62</string>
				<string>4801106A1EEEB2730086ED62</string>
				<string>4801106D1EEEB2730086ED62</string>
				<string>480110781EEEB2730086ED62</string>
				<string>480110711EEEB2730086ED62</string>
				<string>4801107B1EEEB2730086ED62</string>
				<string>480110731EEEB2730086ED62</string>
				<string>48010EA31EEEB1E00086ED62</string>
				<string>480110791EEEB2730086ED62</string>
				<string>48010EA41EEEB1E10086ED62</string>
				<string>480110701EEEB2730086ED62</string>
				<string>4801106C1EEEB2730086ED62</string>
				<string>4801107C1EEEB2730086ED62</string>
				<string>480110761EEEB2730086ED62</string>
				<string>4801107F1EEEB2730086ED62</string>
				<string>480110771EEEB2730086ED62</string>
				<string>480110741EEEB2730086ED62</string>
				<string>4801107E1EEEB2730086ED62</string>
				<string>4801107D1EEEB2730086ED62</string>
				<string>4801106B1EEEB2730086ED62</string>
				<string>4801106F1EEEB2730086ED62</string>
				<string>480110691EEEB2730086ED62</string>
			</array>
			<key>isa</key>
			<string>PBXSourcesBuildPhase</string>
			<key>runOnlyForDeploymentPostprocessing</key>
			<string>0</string>
		</dict>
		<key>48010E991EEEB1CA0086ED62</key>
		<dict>
			<key>buildActionMask</key>
			<string>2147483647</string>
			<key>files</key>
			<array/>
			<key>isa</key>
			<string>PBXFrameworksBuildPhase</string>
			<key>runOnlyForDeploymentPostprocessing</key>
			<string>0</string>
		</dict>
		<key>48010E9A1EEEB1CA0086ED62</key>
		<dict>
			<key>buildActionMask</key>
			<string>2147483647</string>
			<key>dstPath</key>
			<string>/usr/share/man/man1/</string>
			<key>dstSubfolderSpec</key>
			<string>0</string>
			<key>files</key>
			<array/>
			<key>isa</key>
			<string>PBXCopyFilesBuildPhase</string>
			<key>runOnlyForDeploymentPostprocessing</key>
			<string>1</string>
		</dict>
		<key>48010E9B1EEEB1CA0086ED62</key>
		<dict>
			<key>buildConfigurationList</key>
			<string>48010EA21EEEB1CA0086ED62</string>
			<key>buildPhases</key>
			<array>
				<string>48010E981EEEB1CA0086ED62</string>
				<string>48010E991EEEB1CA0086ED62</string>
				<string>48010E9A1EEEB1CA0086ED62</string>
			</array>
			<key>buildRules</key>
			<array/>
			<key>dependencies</key>
			<array/>
			<key>isa</key>
			<string>PBXNativeTarget</string>
			<key>name</key>
			<string>checkcoredata</string>
			<key>productName</key>
			<string>json4d2coredata</string>
			<key>productReference</key>
			<string>48010E9C1EEEB1CA0086ED62</string>
			<key>productType</key>
			<string>com.apple.product-type.tool</string>
		</dict>
		<key>48010E9C1EEEB1CA0086ED62</key>
		<dict>
			<key>explicitFileType</key>
			<string>compiled.mach-o.executable</string>
			<key>includeInIndex</key>
			<string>0</string>
			<key>isa</key>
			<string>PBXFileReference</string>
			<key>path</key>
			<string>checkcoredata</string>
			<key>sourceTree</key>
			<string>BUILT_PRODUCTS_DIR</string>
		</dict>
		<key>48010EA01EEEB1CA0086ED62</key>
		<dict>
			<key>buildSettings</key>
			<dict>
				<key>DEVELOPMENT_TEAM</key>
				<string>GGU39CDBL2</string>
				<key>FRAMEWORK_SEARCH_PATHS</key>
				<array>
					<string>$(inherited)</string>
					<string>$(PROJECT_DIR)/Carthage/Checkouts/MomXML/Carthage/Build/Mac</string>
					<string>$(PROJECT_DIR)/Carthage/Checkouts/MomXML/Carthage/Checkouts/SWXMLHash/Carthage/Build/Mac</string>
					<string>$(PROJECT_DIR)/Carthage/Checkouts/SwiftyJSON/Carthage/Build/Mac</string>
					<string>$(PROJECT_DIR)/Carthage/Checkouts/SWXMLHash/Carthage/Build/Mac</string>
				</array>
				<key>PRODUCT_NAME</key>
				<string>$(TARGET_NAME)</string>
				<key>SWIFT_VERSION</key>
				<string>3.0</string>
			</dict>
			<key>isa</key>
			<string>XCBuildConfiguration</string>
			<key>name</key>
			<string>Debug</string>
		</dict>
		<key>48010EA11EEEB1CA0086ED62</key>
		<dict>
			<key>buildSettings</key>
			<dict>
				<key>DEVELOPMENT_TEAM</key>
				<string>GGU39CDBL2</string>
				<key>FRAMEWORK_SEARCH_PATHS</key>
				<array>
					<string>$(inherited)</string>
					<string>$(PROJECT_DIR)/Carthage/Checkouts/MomXML/Carthage/Build/Mac</string>
					<string>$(PROJECT_DIR)/Carthage/Checkouts/MomXML/Carthage/Checkouts/SWXMLHash/Carthage/Build/Mac</string>
					<string>$(PROJECT_DIR)/Carthage/Checkouts/SwiftyJSON/Carthage/Build/Mac</string>
					<string>$(PROJECT_DIR)/Carthage/Checkouts/SWXMLHash/Carthage/Build/Mac</string>
				</array>
				<key>PRODUCT_NAME</key>
				<string>$(TARGET_NAME)</string>
				<key>SWIFT_VERSION</key>
				<string>3.0</string>
			</dict>
			<key>isa</key>
			<string>XCBuildConfiguration</string>
			<key>name</key>
			<string>Release</string>
		</dict>
		<key>48010EA21EEEB1CA0086ED62</key>
		<dict>
			<key>buildConfigurations</key>
			<array>
				<string>48010EA01EEEB1CA0086ED62</string>
				<string>48010EA11EEEB1CA0086ED62</string>
			</array>
			<key>defaultConfigurationIsVisible</key>
			<string>0</string>
			<key>defaultConfigurationName</key>
			<string>Release</string>
			<key>isa</key>
			<string>XCConfigurationList</string>
		</dict>
		<key>48010EA31EEEB1E00086ED62</key>
		<dict>
			<key>fileRef</key>
			<string>484F8EBB1EE83FDD00C854AA</string>
			<key>isa</key>
			<string>PBXBuildFile</string>
		</dict>
		<key>48010EA41EEEB1E10086ED62</key>
		<dict>
			<key>fileRef</key>
			<string>484F8F431EE8578400C854AA</string>
			<key>isa</key>
			<string>PBXBuildFile</string>
		</dict>
		<key>4801103E1EEEB22D0086ED62</key>
		<dict>
			<key>children</key>
			<array>
				<string>480110401EEEB22D0086ED62</string>
				<string>480110421EEEB22D0086ED62</string>
			</array>
			<key>isa</key>
			<string>PBXGroup</string>
			<key>name</key>
			<string>SWXMLHash</string>
			<key>path</key>
			<string>Carthage/Checkouts/SWXMLHash/Source</string>
			<key>sourceTree</key>
			<string>&lt;group&gt;</string>
		</dict>
		<key>480110401EEEB22D0086ED62</key>
		<dict>
			<key>fileEncoding</key>
			<string>4</string>
			<key>isa</key>
			<string>PBXFileReference</string>
			<key>lastKnownFileType</key>
			<string>sourcecode.swift</string>
			<key>path</key>
			<string>SWXMLHash+TypeConversion.swift</string>
			<key>sourceTree</key>
			<string>&lt;group&gt;</string>
		</dict>
		<key>480110421EEEB22D0086ED62</key>
		<dict>
			<key>fileEncoding</key>
			<string>4</string>
			<key>isa</key>
			<string>PBXFileReference</string>
			<key>lastKnownFileType</key>
			<string>sourcecode.swift</string>
			<key>path</key>
			<string>SWXMLHash.swift</string>
			<key>sourceTree</key>
			<string>&lt;group&gt;</string>
		</dict>
		<key>480110431EEEB22D0086ED62</key>
		<dict>
			<key>fileRef</key>
			<string>480110401EEEB22D0086ED62</string>
			<key>isa</key>
			<string>PBXBuildFile</string>
		</dict>
		<key>480110441EEEB22D0086ED62</key>
		<dict>
			<key>fileRef</key>
			<string>480110421EEEB22D0086ED62</string>
			<key>isa</key>
			<string>PBXBuildFile</string>
		</dict>
		<key>480110451EEEB23F0086ED62</key>
		<dict>
			<key>children</key>
			<array>
				<string>4801104E1EEEB2730086ED62</string>
				<string>4801103E1EEEB22D0086ED62</string>
			</array>
			<key>isa</key>
			<string>PBXGroup</string>
			<key>name</key>
			<string>Frameworks</string>
			<key>sourceTree</key>
			<string>&lt;group&gt;</string>
		</dict>
		<key>4801104E1EEEB2730086ED62</key>
		<dict>
			<key>children</key>
			<array>
				<string>4801104F1EEEB2730086ED62</string>
				<string>480110581EEEB2730086ED62</string>
				<string>480110601EEEB2730086ED62</string>
			</array>
			<key>isa</key>
			<string>PBXGroup</string>
			<key>name</key>
			<string>MomXML</string>
			<key>path</key>
			<string>Carthage/Checkouts/MomXML/Sources</string>
			<key>sourceTree</key>
			<string>&lt;group&gt;</string>
		</dict>
		<key>4801104F1EEEB2730086ED62</key>
		<dict>
			<key>children</key>
			<array>
				<string>480110501EEEB2730086ED62</string>
				<string>480110511EEEB2730086ED62</string>
				<string>480110521EEEB2730086ED62</string>
				<string>480110531EEEB2730086ED62</string>
				<string>480110541EEEB2730086ED62</string>
				<string>480110551EEEB2730086ED62</string>
				<string>480110561EEEB2730086ED62</string>
				<string>480110571EEEB2730086ED62</string>
			</array>
			<key>isa</key>
			<string>PBXGroup</string>
			<key>path</key>
			<string>FromXML</string>
			<key>sourceTree</key>
			<string>&lt;group&gt;</string>
		</dict>
		<key>480110501EEEB2730086ED62</key>
		<dict>
			<key>fileEncoding</key>
			<string>4</string>
			<key>isa</key>
			<string>PBXFileReference</string>
			<key>lastKnownFileType</key>
			<string>sourcecode.swift</string>
			<key>path</key>
			<string>MomAttribute+XMLObject.swift</string>
			<key>sourceTree</key>
			<string>&lt;group&gt;</string>
		</dict>
		<key>480110511EEEB2730086ED62</key>
		<dict>
			<key>fileEncoding</key>
			<string>4</string>
			<key>isa</key>
			<string>PBXFileReference</string>
			<key>lastKnownFileType</key>
			<string>sourcecode.swift</string>
			<key>path</key>
			<string>MomElement+XMLObject.swift</string>
			<key>sourceTree</key>
			<string>&lt;group&gt;</string>
		</dict>
		<key>480110521EEEB2730086ED62</key>
		<dict>
			<key>fileEncoding</key>
			<string>4</string>
			<key>isa</key>
			<string>PBXFileReference</string>
			<key>lastKnownFileType</key>
			<string>sourcecode.swift</string>
			<key>path</key>
			<string>MomEntity+XMLObject.swift</string>
			<key>sourceTree</key>
			<string>&lt;group&gt;</string>
		</dict>
		<key>480110531EEEB2730086ED62</key>
		<dict>
			<key>fileEncoding</key>
			<string>4</string>
			<key>isa</key>
			<string>PBXFileReference</string>
			<key>lastKnownFileType</key>
			<string>sourcecode.swift</string>
			<key>path</key>
			<string>MomModel+XMLObject.swift</string>
			<key>sourceTree</key>
			<string>&lt;group&gt;</string>
		</dict>
		<key>480110541EEEB2730086ED62</key>
		<dict>
			<key>fileEncoding</key>
			<string>4</string>
			<key>isa</key>
			<string>PBXFileReference</string>
			<key>lastKnownFileType</key>
			<string>sourcecode.swift</string>
			<key>path</key>
			<string>MomRelationship+XMLObject.swift</string>
			<key>sourceTree</key>
			<string>&lt;group&gt;</string>
		</dict>
		<key>480110551EEEB2730086ED62</key>
		<dict>
			<key>fileEncoding</key>
			<string>4</string>
			<key>isa</key>
			<string>PBXFileReference</string>
			<key>lastKnownFileType</key>
			<string>sourcecode.swift</string>
			<key>path</key>
			<string>MomUserInfo+XMLObject.swift</string>
			<key>sourceTree</key>
			<string>&lt;group&gt;</string>
		</dict>
		<key>480110561EEEB2730086ED62</key>
		<dict>
			<key>fileEncoding</key>
			<string>4</string>
			<key>isa</key>
			<string>PBXFileReference</string>
			<key>lastKnownFileType</key>
			<string>sourcecode.swift</string>
			<key>path</key>
			<string>MomXML+XMLObject.swift</string>
			<key>sourceTree</key>
			<string>&lt;group&gt;</string>
		</dict>
		<key>480110571EEEB2730086ED62</key>
		<dict>
			<key>fileEncoding</key>
			<string>4</string>
			<key>isa</key>
			<string>PBXFileReference</string>
			<key>lastKnownFileType</key>
			<string>sourcecode.swift</string>
			<key>path</key>
			<string>XMLObject.swift</string>
			<key>sourceTree</key>
			<string>&lt;group&gt;</string>
		</dict>
		<key>480110581EEEB2730086ED62</key>
		<dict>
			<key>children</key>
			<array>
				<string>480110591EEEB2730086ED62</string>
				<string>4801105A1EEEB2730086ED62</string>
				<string>4801105B1EEEB2730086ED62</string>
				<string>4801105C1EEEB2730086ED62</string>
				<string>4801105D1EEEB2730086ED62</string>
				<string>4801105E1EEEB2730086ED62</string>
				<string>4801105F1EEEB2730086ED62</string>
			</array>
			<key>isa</key>
			<string>PBXGroup</string>
			<key>path</key>
			<string>Model</string>
			<key>sourceTree</key>
			<string>&lt;group&gt;</string>
		</dict>
		<key>480110591EEEB2730086ED62</key>
		<dict>
			<key>fileEncoding</key>
			<string>4</string>
			<key>isa</key>
			<string>PBXFileReference</string>
			<key>lastKnownFileType</key>
			<string>sourcecode.swift</string>
			<key>path</key>
			<string>MomAttribute.swift</string>
			<key>sourceTree</key>
			<string>&lt;group&gt;</string>
		</dict>
		<key>4801105A1EEEB2730086ED62</key>
		<dict>
			<key>fileEncoding</key>
			<string>4</string>
			<key>isa</key>
			<string>PBXFileReference</string>
			<key>lastKnownFileType</key>
			<string>sourcecode.swift</string>
			<key>path</key>
			<string>MomElement.swift</string>
			<key>sourceTree</key>
			<string>&lt;group&gt;</string>
		</dict>
		<key>4801105B1EEEB2730086ED62</key>
		<dict>
			<key>fileEncoding</key>
			<string>4</string>
			<key>isa</key>
			<string>PBXFileReference</string>
			<key>lastKnownFileType</key>
			<string>sourcecode.swift</string>
			<key>path</key>
			<string>MomEntity.swift</string>
			<key>sourceTree</key>
			<string>&lt;group&gt;</string>
		</dict>
		<key>4801105C1EEEB2730086ED62</key>
		<dict>
			<key>fileEncoding</key>
			<string>4</string>
			<key>isa</key>
			<string>PBXFileReference</string>
			<key>lastKnownFileType</key>
			<string>sourcecode.swift</string>
			<key>path</key>
			<string>MomModel.swift</string>
			<key>sourceTree</key>
			<string>&lt;group&gt;</string>
		</dict>
		<key>4801105D1EEEB2730086ED62</key>
		<dict>
			<key>fileEncoding</key>
			<string>4</string>
			<key>isa</key>
			<string>PBXFileReference</string>
			<key>lastKnownFileType</key>
			<string>sourcecode.swift</string>
			<key>path</key>
			<string>MomRelationship.swift</string>
			<key>sourceTree</key>
			<string>&lt;group&gt;</string>
		</dict>
		<key>4801105E1EEEB2730086ED62</key>
		<dict>
			<key>fileEncoding</key>
			<string>4</string>
			<key>isa</key>
			<string>PBXFileReference</string>
			<key>lastKnownFileType</key>
			<string>sourcecode.swift</string>
			<key>path</key>
			<string>MomUserInfo.swift</string>
			<key>sourceTree</key>
			<string>&lt;group&gt;</string>
		</dict>
		<key>4801105F1EEEB2730086ED62</key>
		<dict>
			<key>fileEncoding</key>
			<string>4</string>
			<key>isa</key>
			<string>PBXFileReference</string>
			<key>lastKnownFileType</key>
			<string>sourcecode.swift</string>
			<key>path</key>
			<string>MomXML.swift</string>
			<key>sourceTree</key>
			<string>&lt;group&gt;</string>
		</dict>
		<key>480110601EEEB2730086ED62</key>
		<dict>
			<key>children</key>
			<array>
				<string>480110611EEEB2730086ED62</string>
				<string>480110621EEEB2730086ED62</string>
				<string>480110631EEEB2730086ED62</string>
				<string>480110641EEEB2730086ED62</string>
				<string>480110651EEEB2730086ED62</string>
				<string>480110661EEEB2730086ED62</string>
				<string>480110671EEEB2730086ED62</string>
				<string>480110681EEEB2730086ED62</string>
			</array>
			<key>isa</key>
			<string>PBXGroup</string>
			<key>path</key>
			<string>ToXML</string>
			<key>sourceTree</key>
			<string>&lt;group&gt;</string>
		</dict>
		<key>480110611EEEB2730086ED62</key>
		<dict>
			<key>fileEncoding</key>
			<string>4</string>
			<key>isa</key>
			<string>PBXFileReference</string>
			<key>lastKnownFileType</key>
			<string>sourcecode.swift</string>
			<key>path</key>
			<string>MomAttribute+XMLConvertible.swift</string>
			<key>sourceTree</key>
			<string>&lt;group&gt;</string>
		</dict>
		<key>480110621EEEB2730086ED62</key>
		<dict>
			<key>fileEncoding</key>
			<string>4</string>
			<key>isa</key>
			<string>PBXFileReference</string>
			<key>lastKnownFileType</key>
			<string>sourcecode.swift</string>
			<key>path</key>
			<string>MomElement+XMLConvertible.swift</string>
			<key>sourceTree</key>
			<string>&lt;group&gt;</string>
		</dict>
		<key>480110631EEEB2730086ED62</key>
		<dict>
			<key>fileEncoding</key>
			<string>4</string>
			<key>isa</key>
			<string>PBXFileReference</string>
			<key>lastKnownFileType</key>
			<string>sourcecode.swift</string>
			<key>path</key>
			<string>MomEntity+XMLConvertible.swift</string>
			<key>sourceTree</key>
			<string>&lt;group&gt;</string>
		</dict>
		<key>480110641EEEB2730086ED62</key>
		<dict>
			<key>fileEncoding</key>
			<string>4</string>
			<key>isa</key>
			<string>PBXFileReference</string>
			<key>lastKnownFileType</key>
			<string>sourcecode.swift</string>
			<key>path</key>
			<string>MomModel+XMLConvertible.swift</string>
			<key>sourceTree</key>
			<string>&lt;group&gt;</string>
		</dict>
		<key>480110651EEEB2730086ED62</key>
		<dict>
			<key>fileEncoding</key>
			<string>4</string>
			<key>isa</key>
			<string>PBXFileReference</string>
			<key>lastKnownFileType</key>
			<string>sourcecode.swift</string>
			<key>path</key>
			<string>MomRelationship+XMLConvertible.swift</string>
			<key>sourceTree</key>
			<string>&lt;group&gt;</string>
		</dict>
		<key>480110661EEEB2730086ED62</key>
		<dict>
			<key>fileEncoding</key>
			<string>4</string>
			<key>isa</key>
			<string>PBXFileReference</string>
			<key>lastKnownFileType</key>
			<string>sourcecode.swift</string>
			<key>path</key>
			<string>MomUserInfo+XMLConvertible.swift</string>
			<key>sourceTree</key>
			<string>&lt;group&gt;</string>
		</dict>
		<key>480110671EEEB2730086ED62</key>
		<dict>
			<key>fileEncoding</key>
			<string>4</string>
			<key>isa</key>
			<string>PBXFileReference</string>
			<key>lastKnownFileType</key>
			<string>sourcecode.swift</string>
			<key>path</key>
			<string>MomXML+XMLConvertible.swift</string>
			<key>sourceTree</key>
			<string>&lt;group&gt;</string>
		</dict>
		<key>480110681EEEB2730086ED62</key>
		<dict>
			<key>fileEncoding</key>
			<string>4</string>
			<key>isa</key>
			<string>PBXFileReference</string>
			<key>lastKnownFileType</key>
			<string>sourcecode.swift</string>
			<key>path</key>
			<string>XMLConvertible.swift</string>
			<key>sourceTree</key>
			<string>&lt;group&gt;</string>
		</dict>
		<key>480110691EEEB2730086ED62</key>
		<dict>
			<key>fileRef</key>
			<string>480110501EEEB2730086ED62</string>
			<key>isa</key>
			<string>PBXBuildFile</string>
		</dict>
		<key>4801106A1EEEB2730086ED62</key>
		<dict>
			<key>fileRef</key>
			<string>480110511EEEB2730086ED62</string>
			<key>isa</key>
			<string>PBXBuildFile</string>
		</dict>
		<key>4801106B1EEEB2730086ED62</key>
		<dict>
			<key>fileRef</key>
			<string>480110521EEEB2730086ED62</string>
			<key>isa</key>
			<string>PBXBuildFile</string>
		</dict>
		<key>4801106C1EEEB2730086ED62</key>
		<dict>
			<key>fileRef</key>
			<string>480110531EEEB2730086ED62</string>
			<key>isa</key>
			<string>PBXBuildFile</string>
		</dict>
		<key>4801106D1EEEB2730086ED62</key>
		<dict>
			<key>fileRef</key>
			<string>480110541EEEB2730086ED62</string>
			<key>isa</key>
			<string>PBXBuildFile</string>
		</dict>
		<key>4801106E1EEEB2730086ED62</key>
		<dict>
			<key>fileRef</key>
			<string>480110551EEEB2730086ED62</string>
			<key>isa</key>
			<string>PBXBuildFile</string>
		</dict>
		<key>4801106F1EEEB2730086ED62</key>
		<dict>
			<key>fileRef</key>
			<string>480110561EEEB2730086ED62</string>
			<key>isa</key>
			<string>PBXBuildFile</string>
		</dict>
		<key>480110701EEEB2730086ED62</key>
		<dict>
			<key>fileRef</key>
			<string>480110571EEEB2730086ED62</string>
			<key>isa</key>
			<string>PBXBuildFile</string>
		</dict>
		<key>480110711EEEB2730086ED62</key>
		<dict>
			<key>fileRef</key>
			<string>480110591EEEB2730086ED62</string>
			<key>isa</key>
			<string>PBXBuildFile</string>
		</dict>
		<key>480110721EEEB2730086ED62</key>
		<dict>
			<key>fileRef</key>
			<string>4801105A1EEEB2730086ED62</string>
			<key>isa</key>
			<string>PBXBuildFile</string>
		</dict>
		<key>480110731EEEB2730086ED62</key>
		<dict>
			<key>fileRef</key>
			<string>4801105B1EEEB2730086ED62</string>
			<key>isa</key>
			<string>PBXBuildFile</string>
		</dict>
		<key>480110741EEEB2730086ED62</key>
		<dict>
			<key>fileRef</key>
			<string>4801105C1EEEB2730086ED62</string>
			<key>isa</key>
			<string>PBXBuildFile</string>
		</dict>
		<key>480110751EEEB2730086ED62</key>
		<dict>
			<key>fileRef</key>
			<string>4801105D1EEEB2730086ED62</string>
			<key>isa</key>
			<string>PBXBuildFile</string>
		</dict>
		<key>480110761EEEB2730086ED62</key>
		<dict>
			<key>fileRef</key>
			<string>4801105E1EEEB2730086ED62</string>
			<key>isa</key>
			<string>PBXBuildFile</string>
		</dict>
		<key>480110771EEEB2730086ED62</key>
		<dict>
			<key>fileRef</key>
			<string>4801105F1EEEB2730086ED62</string>
			<key>isa</key>
			<string>PBXBuildFile</string>
		</dict>
		<key>480110781EEEB2730086ED62</key>
		<dict>
			<key>fileRef</key>
			<string>480110611EEEB2730086ED62</string>
			<key>isa</key>
			<string>PBXBuildFile</string>
		</dict>
		<key>480110791EEEB2730086ED62</key>
		<dict>
			<key>fileRef</key>
			<string>480110621EEEB2730086ED62</string>
			<key>isa</key>
			<string>PBXBuildFile</string>
		</dict>
		<key>4801107A1EEEB2730086ED62</key>
		<dict>
			<key>fileRef</key>
			<string>480110631EEEB2730086ED62</string>
			<key>isa</key>
			<string>PBXBuildFile</string>
		</dict>
		<key>4801107B1EEEB2730086ED62</key>
		<dict>
			<key>fileRef</key>
			<string>480110641EEEB2730086ED62</string>
			<key>isa</key>
			<string>PBXBuildFile</string>
		</dict>
		<key>4801107C1EEEB2730086ED62</key>
		<dict>
			<key>fileRef</key>
			<string>480110651EEEB2730086ED62</string>
			<key>isa</key>
			<string>PBXBuildFile</string>
		</dict>
		<key>4801107D1EEEB2730086ED62</key>
		<dict>
			<key>fileRef</key>
			<string>480110661EEEB2730086ED62</string>
			<key>isa</key>
			<string>PBXBuildFile</string>
		</dict>
		<key>4801107E1EEEB2730086ED62</key>
		<dict>
			<key>fileRef</key>
			<string>480110671EEEB2730086ED62</string>
			<key>isa</key>
			<string>PBXBuildFile</string>
		</dict>
		<key>4801107F1EEEB2730086ED62</key>
		<dict>
			<key>fileRef</key>
			<string>480110681EEEB2730086ED62</string>
			<key>isa</key>
			<string>PBXBuildFile</string>
		</dict>
		<key>482BE8911EE93D2100BFD423</key>
		<dict>
			<key>isa</key>
			<string>PBXFileReference</string>
			<key>lastKnownFileType</key>
			<string>wrapper.framework</string>
			<key>name</key>
			<string>MomXML.framework</string>
			<key>path</key>
			<string>Carthage/Build/Mac/MomXML.framework</string>
			<key>sourceTree</key>
			<string>&lt;group&gt;</string>
		</dict>
		<key>482BE8931EE93D2600BFD423</key>
		<dict>
			<key>isa</key>
			<string>PBXFileReference</string>
			<key>lastKnownFileType</key>
			<string>wrapper.framework</string>
			<key>name</key>
			<string>SWXMLHash.framework</string>
			<key>path</key>
			<string>Carthage/Build/Mac/SWXMLHash.framework</string>
			<key>sourceTree</key>
			<string>&lt;group&gt;</string>
		</dict>
		<key>482BE8951EE93D8A00BFD423</key>
		<dict>
			<key>buildActionMask</key>
			<string>2147483647</string>
			<key>files</key>
			<array>
				<string>482BE8A81EE93D9C00BFD423</string>
				<string>482BE8A91EE93D9C00BFD423</string>
			</array>
			<key>isa</key>
			<string>PBXSourcesBuildPhase</string>
			<key>runOnlyForDeploymentPostprocessing</key>
			<string>0</string>
		</dict>
		<key>482BE8961EE93D8A00BFD423</key>
		<dict>
			<key>buildActionMask</key>
			<string>2147483647</string>
			<key>files</key>
			<array>
				<string>482BE8B51EE93DD900BFD423</string>
				<string>482BE8B11EE93DD400BFD423</string>
			</array>
			<key>isa</key>
			<string>PBXFrameworksBuildPhase</string>
			<key>runOnlyForDeploymentPostprocessing</key>
			<string>0</string>
		</dict>
		<key>482BE8971EE93D8A00BFD423</key>
		<dict>
			<key>buildActionMask</key>
			<string>2147483647</string>
			<key>files</key>
			<array/>
			<key>isa</key>
			<string>PBXResourcesBuildPhase</string>
			<key>runOnlyForDeploymentPostprocessing</key>
			<string>0</string>
		</dict>
		<key>482BE8981EE93D8A00BFD423</key>
		<dict>
			<key>buildConfigurationList</key>
			<string>482BE8A51EE93D8A00BFD423</string>
			<key>buildPhases</key>
			<array>
				<string>482BE8951EE93D8A00BFD423</string>
				<string>482BE8961EE93D8A00BFD423</string>
				<string>482BE8971EE93D8A00BFD423</string>
				<string>482BE8B31EE93DD400BFD423</string>
				<string>482BE8B71EE93E5200BFD423</string>
			</array>
			<key>buildRules</key>
			<array/>
			<key>dependencies</key>
			<array/>
			<key>isa</key>
			<string>PBXNativeTarget</string>
			<key>name</key>
			<string>CheckCoreData</string>
			<key>productName</key>
			<string>JSONToCoreData</string>
			<key>productReference</key>
			<string>482BE8991EE93D8A00BFD423</string>
			<key>productType</key>
			<string>com.apple.product-type.application</string>
		</dict>
		<key>482BE8991EE93D8A00BFD423</key>
		<dict>
			<key>explicitFileType</key>
			<string>wrapper.application</string>
			<key>includeInIndex</key>
			<string>0</string>
			<key>isa</key>
			<string>PBXFileReference</string>
			<key>path</key>
			<string>CheckCoreData.app</string>
			<key>sourceTree</key>
			<string>BUILT_PRODUCTS_DIR</string>
		</dict>
		<key>482BE89A1EE93D8A00BFD423</key>
		<dict>
			<key>children</key>
			<array>
				<string>482BE8A41EE93D8A00BFD423</string>
			</array>
			<key>isa</key>
			<string>PBXGroup</string>
			<key>path</key>
			<string>CheckCoreData</string>
			<key>sourceTree</key>
			<string>&lt;group&gt;</string>
		</dict>
		<key>482BE8A41EE93D8A00BFD423</key>
		<dict>
			<key>isa</key>
			<string>PBXFileReference</string>
			<key>lastKnownFileType</key>
			<string>text.plist.xml</string>
			<key>path</key>
			<string>Info.plist</string>
			<key>sourceTree</key>
			<string>&lt;group&gt;</string>
		</dict>
		<key>482BE8A51EE93D8A00BFD423</key>
		<dict>
			<key>buildConfigurations</key>
			<array>
				<string>482BE8A61EE93D8A00BFD423</string>
				<string>482BE8A71EE93D8A00BFD423</string>
			</array>
			<key>defaultConfigurationIsVisible</key>
			<string>0</string>
			<key>defaultConfigurationName</key>
			<string>Release</string>
			<key>isa</key>
			<string>XCConfigurationList</string>
		</dict>
		<key>482BE8A61EE93D8A00BFD423</key>
		<dict>
			<key>buildSettings</key>
			<dict>
				<key>ASSETCATALOG_COMPILER_APPICON_NAME</key>
				<string>AppIcon</string>
				<key>COMBINE_HIDPI_IMAGES</key>
				<string>YES</string>
				<key>DEVELOPMENT_TEAM</key>
				<string>GGU39CDBL2</string>
				<key>FRAMEWORK_SEARCH_PATHS</key>
				<array>
					<string>$(inherited)</string>
					<string>$(PROJECT_DIR)/Carthage/Build/Mac</string>
				</array>
				<key>INFOPLIST_FILE</key>
				<string>CheckCoreData/Info.plist</string>
				<key>LD_RUNPATH_SEARCH_PATHS</key>
				<string>$(inherited) @executable_path/../Frameworks</string>
				<key>OTHER_SWIFT_FLAGS</key>
				<string>-DIMPORT</string>
				<key>PRODUCT_BUNDLE_IDENTIFIER</key>
				<string>fr.phimage.JSONToCoreData</string>
				<key>PRODUCT_NAME</key>
				<string>$(TARGET_NAME)</string>
				<key>SWIFT_ACTIVE_COMPILATION_CONDITIONS</key>
				<string>DEBUG</string>
				<key>SWIFT_VERSION</key>
				<string>3.0</string>
			</dict>
			<key>isa</key>
			<string>XCBuildConfiguration</string>
			<key>name</key>
			<string>Debug</string>
		</dict>
		<key>482BE8A71EE93D8A00BFD423</key>
		<dict>
			<key>buildSettings</key>
			<dict>
				<key>ASSETCATALOG_COMPILER_APPICON_NAME</key>
				<string>AppIcon</string>
				<key>COMBINE_HIDPI_IMAGES</key>
				<string>YES</string>
				<key>DEVELOPMENT_TEAM</key>
				<string>GGU39CDBL2</string>
				<key>FRAMEWORK_SEARCH_PATHS</key>
				<array>
					<string>$(inherited)</string>
					<string>$(PROJECT_DIR)/Carthage/Build/Mac</string>
				</array>
				<key>INFOPLIST_FILE</key>
				<string>CheckCoreData/Info.plist</string>
				<key>LD_RUNPATH_SEARCH_PATHS</key>
				<string>$(inherited) @executable_path/../Frameworks</string>
				<key>OTHER_SWIFT_FLAGS</key>
				<string>-DIMPORT</string>
				<key>PRODUCT_BUNDLE_IDENTIFIER</key>
				<string>fr.phimage.JSONToCoreData</string>
				<key>PRODUCT_NAME</key>
				<string>$(TARGET_NAME)</string>
				<key>SWIFT_OPTIMIZATION_LEVEL</key>
				<string>-Owholemodule</string>
				<key>SWIFT_VERSION</key>
				<string>3.0</string>
			</dict>
			<key>isa</key>
			<string>XCBuildConfiguration</string>
			<key>name</key>
			<string>Release</string>
		</dict>
		<key>482BE8A81EE93D9C00BFD423</key>
		<dict>
			<key>fileRef</key>
			<string>484F8EBB1EE83FDD00C854AA</string>
			<key>isa</key>
			<string>PBXBuildFile</string>
		</dict>
		<key>482BE8A91EE93D9C00BFD423</key>
		<dict>
			<key>fileRef</key>
			<string>484F8F431EE8578400C854AA</string>
			<key>isa</key>
			<string>PBXBuildFile</string>
		</dict>
		<key>482BE8B11EE93DD400BFD423</key>
		<dict>
			<key>fileRef</key>
			<string>482BE8931EE93D2600BFD423</string>
			<key>isa</key>
			<string>PBXBuildFile</string>
		</dict>
		<key>482BE8B21EE93DD400BFD423</key>
		<dict>
			<key>fileRef</key>
			<string>482BE8931EE93D2600BFD423</string>
			<key>isa</key>
			<string>PBXBuildFile</string>
			<key>settings</key>
			<dict>
				<key>ATTRIBUTES</key>
				<array>
					<string>CodeSignOnCopy</string>
					<string>RemoveHeadersOnCopy</string>
				</array>
			</dict>
		</dict>
		<key>482BE8B31EE93DD400BFD423</key>
		<dict>
			<key>buildActionMask</key>
			<string>2147483647</string>
			<key>dstPath</key>
			<string></string>
			<key>dstSubfolderSpec</key>
			<string>10</string>
			<key>files</key>
			<array>
				<string>482BE8B61EE93DD900BFD423</string>
				<string>482BE8B21EE93DD400BFD423</string>
			</array>
			<key>isa</key>
			<string>PBXCopyFilesBuildPhase</string>
			<key>name</key>
			<string>Embed Frameworks</string>
			<key>runOnlyForDeploymentPostprocessing</key>
			<string>0</string>
		</dict>
		<key>482BE8B51EE93DD900BFD423</key>
		<dict>
			<key>fileRef</key>
			<string>482BE8911EE93D2100BFD423</string>
			<key>isa</key>
			<string>PBXBuildFile</string>
		</dict>
		<key>482BE8B61EE93DD900BFD423</key>
		<dict>
			<key>fileRef</key>
			<string>482BE8911EE93D2100BFD423</string>
			<key>isa</key>
			<string>PBXBuildFile</string>
			<key>settings</key>
			<dict>
				<key>ATTRIBUTES</key>
				<array>
					<string>CodeSignOnCopy</string>
					<string>RemoveHeadersOnCopy</string>
				</array>
			</dict>
		</dict>
		<key>482BE8B71EE93E5200BFD423</key>
		<dict>
			<key>buildActionMask</key>
			<string>2147483647</string>
			<key>files</key>
			<array/>
			<key>inputPaths</key>
			<array/>
			<key>isa</key>
			<string>PBXShellScriptBuildPhase</string>
			<key>name</key>
			<string>Run SwiftLint</string>
			<key>outputPaths</key>
			<array/>
			<key>runOnlyForDeploymentPostprocessing</key>
			<string>0</string>
			<key>shellPath</key>
			<string>/bin/sh</string>
			<key>shellScript</key>
			<string>if which swiftlint &gt;/dev/null; then
swiftlint
else
echo "SwiftLint does not exist, download from https://github.com/realm/SwiftLint"
fi</string>
		</dict>
		<key>482BE8CA1EE943FD00BFD423</key>
		<dict>
			<key>children</key>
			<array>
				<string>484F8F431EE8578400C854AA</string>
			</array>
			<key>isa</key>
			<string>PBXGroup</string>
			<key>name</key>
			<string>Helpers</string>
			<key>sourceTree</key>
			<string>&lt;group&gt;</string>
		</dict>
		<key>482BE8CB1EE9441B00BFD423</key>
		<dict>
			<key>children</key>
			<array/>
			<key>isa</key>
			<string>PBXGroup</string>
			<key>name</key>
			<string>Extension</string>
			<key>sourceTree</key>
			<string>&lt;group&gt;</string>
		</dict>
		<key>484F8EAF1EE83FDD00C854AA</key>
		<dict>
			<key>children</key>
			<array>
				<string>484F8EBA1EE83FDD00C854AA</string>
				<string>480110451EEEB23F0086ED62</string>
				<string>482BE89A1EE93D8A00BFD423</string>
				<string>484F8EB91EE83FDD00C854AA</string>
				<string>485493E41EF2BF8500FDD396</string>
				<string>484F8F3E1EE8575E00C854AA</string>
			</array>
			<key>isa</key>
			<string>PBXGroup</string>
			<key>sourceTree</key>
			<string>&lt;group&gt;</string>
		</dict>
		<key>484F8EB01EE83FDD00C854AA</key>
		<dict>
			<key>attributes</key>
			<dict>
				<key>LastSwiftUpdateCheck</key>
				<string>0830</string>
				<key>LastUpgradeCheck</key>
				<string>0830</string>
				<key>ORGANIZATIONNAME</key>
				<string>phimage</string>
				<key>TargetAttributes</key>
				<dict>
					<key>48010E9B1EEEB1CA0086ED62</key>
					<dict>
						<key>CreatedOnToolsVersion</key>
						<string>8.3.3</string>
						<key>DevelopmentTeam</key>
						<string>GGU39CDBL2</string>
						<key>ProvisioningStyle</key>
						<string>Automatic</string>
					</dict>
					<key>482BE8981EE93D8A00BFD423</key>
					<dict>
						<key>CreatedOnToolsVersion</key>
						<string>8.3.3</string>
						<key>DevelopmentTeam</key>
						<string>GGU39CDBL2</string>
						<key>ProvisioningStyle</key>
						<string>Automatic</string>
					</dict>
					<key>485493DE1EF2BAF000FDD396</key>
					<dict>
						<key>CreatedOnToolsVersion</key>
						<string>8.3.3</string>
						<key>DevelopmentTeam</key>
						<string>GGU39CDBL2</string>
						<key>ProvisioningStyle</key>
						<string>Automatic</string>
					</dict>
				</dict>
			</dict>
			<key>buildConfigurationList</key>
			<string>484F8EB31EE83FDD00C854AA</string>
			<key>compatibilityVersion</key>
			<string>Xcode 3.2</string>
			<key>developmentRegion</key>
			<string>English</string>
			<key>hasScannedForEncodings</key>
			<string>0</string>
			<key>isa</key>
			<string>PBXProject</string>
			<key>knownRegions</key>
			<array>
				<string>en</string>
				<string>Base</string>
			</array>
			<key>mainGroup</key>
			<string>484F8EAF1EE83FDD00C854AA</string>
			<key>productRefGroup</key>
			<string>484F8EB91EE83FDD00C854AA</string>
			<key>projectDirPath</key>
			<string></string>
			<key>projectRoot</key>
			<string></string>
			<key>targets</key>
			<array>
				<string>482BE8981EE93D8A00BFD423</string>
				<string>48010E9B1EEEB1CA0086ED62</string>
				<string>485493DE1EF2BAF000FDD396</string>
			</array>
		</dict>
		<key>484F8EB31EE83FDD00C854AA</key>
		<dict>
			<key>buildConfigurations</key>
			<array>
				<string>484F8EBD1EE83FDD00C854AA</string>
				<string>484F8EBE1EE83FDD00C854AA</string>
			</array>
			<key>defaultConfigurationIsVisible</key>
			<string>0</string>
			<key>defaultConfigurationName</key>
			<string>Release</string>
			<key>isa</key>
			<string>XCConfigurationList</string>
		</dict>
		<key>484F8EB91EE83FDD00C854AA</key>
		<dict>
			<key>children</key>
			<array>
				<string>482BE8991EE93D8A00BFD423</string>
				<string>48010E9C1EEEB1CA0086ED62</string>
			</array>
			<key>isa</key>
			<string>PBXGroup</string>
			<key>name</key>
			<string>Products</string>
			<key>sourceTree</key>
			<string>&lt;group&gt;</string>
		</dict>
		<key>484F8EBA1EE83FDD00C854AA</key>
		<dict>
			<key>children</key>
			<array>
				<string>484F8EBB1EE83FDD00C854AA</string>
				<string>482BE8CA1EE943FD00BFD423</string>
				<string>482BE8CB1EE9441B00BFD423</string>
			</array>
			<key>isa</key>
			<string>PBXGroup</string>
			<key>path</key>
			<string>Sources</string>
			<key>sourceTree</key>
			<string>&lt;group&gt;</string>
		</dict>
		<key>484F8EBB1EE83FDD00C854AA</key>
		<dict>
			<key>isa</key>
			<string>PBXFileReference</string>
			<key>lastKnownFileType</key>
			<string>sourcecode.swift</string>
			<key>path</key>
			<string>main.swift</string>
			<key>sourceTree</key>
			<string>&lt;group&gt;</string>
		</dict>
		<key>484F8EBD1EE83FDD00C854AA</key>
		<dict>
			<key>buildSettings</key>
			<dict>
				<key>ALWAYS_SEARCH_USER_PATHS</key>
				<string>NO</string>
				<key>CLANG_ANALYZER_NONNULL</key>
				<string>YES</string>
				<key>CLANG_ANALYZER_NUMBER_OBJECT_CONVERSION</key>
				<string>YES_AGGRESSIVE</string>
				<key>CLANG_CXX_LANGUAGE_STANDARD</key>
				<string>gnu++0x</string>
				<key>CLANG_CXX_LIBRARY</key>
				<string>libc++</string>
				<key>CLANG_ENABLE_MODULES</key>
				<string>YES</string>
				<key>CLANG_ENABLE_OBJC_ARC</key>
				<string>YES</string>
				<key>CLANG_WARN_BOOL_CONVERSION</key>
				<string>YES</string>
				<key>CLANG_WARN_CONSTANT_CONVERSION</key>
				<string>YES</string>
				<key>CLANG_WARN_DIRECT_OBJC_ISA_USAGE</key>
				<string>YES_ERROR</string>
				<key>CLANG_WARN_DOCUMENTATION_COMMENTS</key>
				<string>YES</string>
				<key>CLANG_WARN_EMPTY_BODY</key>
				<string>YES</string>
				<key>CLANG_WARN_ENUM_CONVERSION</key>
				<string>YES</string>
				<key>CLANG_WARN_INFINITE_RECURSION</key>
				<string>YES</string>
				<key>CLANG_WARN_INT_CONVERSION</key>
				<string>YES</string>
				<key>CLANG_WARN_OBJC_ROOT_CLASS</key>
				<string>YES_ERROR</string>
				<key>CLANG_WARN_SUSPICIOUS_MOVE</key>
				<string>YES</string>
				<key>CLANG_WARN_UNREACHABLE_CODE</key>
				<string>YES</string>
				<key>CLANG_WARN__DUPLICATE_METHOD_MATCH</key>
				<string>YES</string>
				<key>CODE_SIGN_IDENTITY</key>
				<string>-</string>
				<key>COPY_PHASE_STRIP</key>
				<string>NO</string>
				<key>DEBUG_INFORMATION_FORMAT</key>
				<string>dwarf</string>
				<key>ENABLE_STRICT_OBJC_MSGSEND</key>
				<string>YES</string>
				<key>ENABLE_TESTABILITY</key>
				<string>YES</string>
				<key>GCC_C_LANGUAGE_STANDARD</key>
				<string>gnu99</string>
				<key>GCC_DYNAMIC_NO_PIC</key>
				<string>NO</string>
				<key>GCC_NO_COMMON_BLOCKS</key>
				<string>YES</string>
				<key>GCC_OPTIMIZATION_LEVEL</key>
				<string>0</string>
				<key>GCC_PREPROCESSOR_DEFINITIONS</key>
				<array>
					<string>DEBUG=1</string>
					<string>$(inherited)</string>
				</array>
				<key>GCC_WARN_64_TO_32_BIT_CONVERSION</key>
				<string>YES</string>
				<key>GCC_WARN_ABOUT_RETURN_TYPE</key>
				<string>YES_ERROR</string>
				<key>GCC_WARN_UNDECLARED_SELECTOR</key>
				<string>YES</string>
				<key>GCC_WARN_UNINITIALIZED_AUTOS</key>
				<string>YES_AGGRESSIVE</string>
				<key>GCC_WARN_UNUSED_FUNCTION</key>
				<string>YES</string>
				<key>GCC_WARN_UNUSED_VARIABLE</key>
				<string>YES</string>
				<key>MACOSX_DEPLOYMENT_TARGET</key>
				<string>10.12</string>
				<key>MTL_ENABLE_DEBUG_INFO</key>
				<string>YES</string>
				<key>ONLY_ACTIVE_ARCH</key>
				<string>YES</string>
				<key>SDKROOT</key>
				<string>macosx</string>
				<key>SWIFT_OPTIMIZATION_LEVEL</key>
				<string>-Onone</string>
			</dict>
			<key>isa</key>
			<string>XCBuildConfiguration</string>
			<key>name</key>
			<string>Debug</string>
		</dict>
		<key>484F8EBE1EE83FDD00C854AA</key>
		<dict>
			<key>buildSettings</key>
			<dict>
				<key>ALWAYS_SEARCH_USER_PATHS</key>
				<string>NO</string>
				<key>CLANG_ANALYZER_NONNULL</key>
				<string>YES</string>
				<key>CLANG_ANALYZER_NUMBER_OBJECT_CONVERSION</key>
				<string>YES_AGGRESSIVE</string>
				<key>CLANG_CXX_LANGUAGE_STANDARD</key>
				<string>gnu++0x</string>
				<key>CLANG_CXX_LIBRARY</key>
				<string>libc++</string>
				<key>CLANG_ENABLE_MODULES</key>
				<string>YES</string>
				<key>CLANG_ENABLE_OBJC_ARC</key>
				<string>YES</string>
				<key>CLANG_WARN_BOOL_CONVERSION</key>
				<string>YES</string>
				<key>CLANG_WARN_CONSTANT_CONVERSION</key>
				<string>YES</string>
				<key>CLANG_WARN_DIRECT_OBJC_ISA_USAGE</key>
				<string>YES_ERROR</string>
				<key>CLANG_WARN_DOCUMENTATION_COMMENTS</key>
				<string>YES</string>
				<key>CLANG_WARN_EMPTY_BODY</key>
				<string>YES</string>
				<key>CLANG_WARN_ENUM_CONVERSION</key>
				<string>YES</string>
				<key>CLANG_WARN_INFINITE_RECURSION</key>
				<string>YES</string>
				<key>CLANG_WARN_INT_CONVERSION</key>
				<string>YES</string>
				<key>CLANG_WARN_OBJC_ROOT_CLASS</key>
				<string>YES_ERROR</string>
				<key>CLANG_WARN_SUSPICIOUS_MOVE</key>
				<string>YES</string>
				<key>CLANG_WARN_UNREACHABLE_CODE</key>
				<string>YES</string>
				<key>CLANG_WARN__DUPLICATE_METHOD_MATCH</key>
				<string>YES</string>
				<key>CODE_SIGN_IDENTITY</key>
				<string>-</string>
				<key>COPY_PHASE_STRIP</key>
				<string>NO</string>
				<key>DEBUG_INFORMATION_FORMAT</key>
				<string>dwarf-with-dsym</string>
				<key>ENABLE_NS_ASSERTIONS</key>
				<string>NO</string>
				<key>ENABLE_STRICT_OBJC_MSGSEND</key>
				<string>YES</string>
				<key>GCC_C_LANGUAGE_STANDARD</key>
				<string>gnu99</string>
				<key>GCC_NO_COMMON_BLOCKS</key>
				<string>YES</string>
				<key>GCC_WARN_64_TO_32_BIT_CONVERSION</key>
				<string>YES</string>
				<key>GCC_WARN_ABOUT_RETURN_TYPE</key>
				<string>YES_ERROR</string>
				<key>GCC_WARN_UNDECLARED_SELECTOR</key>
				<string>YES</string>
				<key>GCC_WARN_UNINITIALIZED_AUTOS</key>
				<string>YES_AGGRESSIVE</string>
				<key>GCC_WARN_UNUSED_FUNCTION</key>
				<string>YES</string>
				<key>GCC_WARN_UNUSED_VARIABLE</key>
				<string>YES</string>
				<key>MACOSX_DEPLOYMENT_TARGET</key>
				<string>10.12</string>
				<key>MTL_ENABLE_DEBUG_INFO</key>
				<string>NO</string>
				<key>SDKROOT</key>
				<string>macosx</string>
			</dict>
			<key>isa</key>
			<string>XCBuildConfiguration</string>
			<key>name</key>
			<string>Release</string>
		</dict>
		<key>484F8F3E1EE8575E00C854AA</key>
		<dict>
			<key>children</key>
			<array>
				<string>482BE8931EE93D2600BFD423</string>
				<string>482BE8911EE93D2100BFD423</string>
			</array>
			<key>isa</key>
			<string>PBXGroup</string>
			<key>name</key>
			<string>Frameworks</string>
			<key>sourceTree</key>
			<string>&lt;group&gt;</string>
		</dict>
		<key>484F8F431EE8578400C854AA</key>
		<dict>
			<key>fileEncoding</key>
			<string>4</string>
			<key>isa</key>
			<string>PBXFileReference</string>
			<key>lastKnownFileType</key>
			<string>sourcecode.swift</string>
			<key>path</key>
			<string>Helpers.swift</string>
			<key>sourceTree</key>
			<string>&lt;group&gt;</string>
		</dict>
		<key>485493DE1EF2BAF000FDD396</key>
		<dict>
			<key>buildArgumentsString</key>
			<string>$PROJECT_DIR/ $PROJECT_DIR/checkcoredata.swift "#!/usr/bin/env xcrun swift -F Carthage/Build/Mac"</string>
			<key>buildConfigurationList</key>
			<string>485493E11EF2BAF000FDD396</string>
			<key>buildPhases</key>
			<array/>
			<key>buildToolPath</key>
			<string>$PROJECT_DIR/concatenate_swift_files.sh</string>
			<key>buildWorkingDirectory</key>
			<string></string>
			<key>dependencies</key>
			<array/>
			<key>isa</key>
			<string>PBXLegacyTarget</string>
			<key>name</key>
			<string>checkcoredata.swift</string>
			<key>passBuildSettingsInEnvironment</key>
			<string>1</string>
			<key>productName</key>
			<string>concatenate_swift_files</string>
		</dict>
		<key>485493DF1EF2BAF000FDD396</key>
		<dict>
			<key>buildSettings</key>
			<dict>
				<key>DEBUGGING_SYMBOLS</key>
				<string>YES</string>
				<key>DEBUG_INFORMATION_FORMAT</key>
				<string>dwarf</string>
				<key>DEVELOPMENT_TEAM</key>
				<string>GGU39CDBL2</string>
				<key>GCC_GENERATE_DEBUGGING_SYMBOLS</key>
				<string>YES</string>
				<key>GCC_OPTIMIZATION_LEVEL</key>
				<string>0</string>
				<key>OTHER_CFLAGS</key>
				<string></string>
				<key>OTHER_LDFLAGS</key>
				<string></string>
				<key>PRODUCT_NAME</key>
				<string>$(TARGET_NAME)</string>
			</dict>
			<key>isa</key>
			<string>XCBuildConfiguration</string>
			<key>name</key>
			<string>Debug</string>
		</dict>
		<key>485493E01EF2BAF000FDD396</key>
		<dict>
			<key>buildSettings</key>
			<dict>
				<key>DEBUG_INFORMATION_FORMAT</key>
				<string>dwarf-with-dsym</string>
				<key>DEVELOPMENT_TEAM</key>
				<string>GGU39CDBL2</string>
				<key>OTHER_CFLAGS</key>
				<string></string>
				<key>OTHER_LDFLAGS</key>
				<string></string>
				<key>PRODUCT_NAME</key>
				<string>$(TARGET_NAME)</string>
			</dict>
			<key>isa</key>
			<string>XCBuildConfiguration</string>
			<key>name</key>
			<string>Release</string>
		</dict>
		<key>485493E11EF2BAF000FDD396</key>
		<dict>
			<key>buildConfigurations</key>
			<array>
				<string>485493DF1EF2BAF000FDD396</string>
				<string>485493E01EF2BAF000FDD396</string>
			</array>
			<key>defaultConfigurationIsVisible</key>
			<string>0</string>
			<key>defaultConfigurationName</key>
			<string>Release</string>
			<key>isa</key>
			<string>XCConfigurationList</string>
		</dict>
		<key>485493E41EF2BF8500FDD396</key>
		<dict>
			<key>isa</key>
			<string>PBXFileReference</string>
			<key>lastKnownFileType</key>
			<string>sourcecode.swift</string>
			<key>path</key>
			<string>CheckCoreData.swift</string>
			<key>sourceTree</key>
			<string>&lt;group&gt;</string>
		</dict>
	</dict>
	<key>rootObject</key>
	<string>484F8EB01EE83FDD00C854AA</string>
	<key>test</key>
	<dict>
		<key>insert</key>
		<string>TestInsert</string>
		<key>replace</key>
		<string>replaceValue</string>
	</dict>
</dict>
</plist>
