// !$*UTF8*$!
{
	archiveVersion = 1;
	classes = {
	};
	objectVersion = 52;
	objects = {

/* Begin PBXBuildFile section */
		48A407FF266245DC0068A35B /* AppDelegate.swift in Sources */ = {isa = PBXBuildFile; fileRef = 48A407FE266245DC0068A35B /* AppDelegate.swift */; };
		48A40801266245DC0068A35B /* SceneDelegate.swift in Sources */ = {isa = PBXBuildFile; fileRef = 48A40800266245DC0068A35B /* SceneDelegate.swift */; };
		48A40803266245DC0068A35B /* ViewController.swift in Sources */ = {isa = PBXBuildFile; fileRef = 48A40802266245DC0068A35B /* ViewController.swift */; };
		48A40806266245DC0068A35B /* Main.storyboard in Resources */ = {isa = PBXBuildFile; fileRef = 48A40804266245DC0068A35B /* Main.storyboard */; };
		48A40808266245DC0068A35B /* Assets.xcassets in Resources */ = {isa = PBXBuildFile; fileRef = 48A40807266245DC0068A35B /* Assets.xcassets */; };
		48A4080B266245DC0068A35B /* LaunchScreen.storyboard in Resources */ = {isa = PBXBuildFile; fileRef = 48A40809266245DC0068A35B /* LaunchScreen.storyboard */; };
		48A4081626624C3B0068A35B /* Prephirences.xcframework in Frameworks */ = {isa = PBXBuildFile; fileRef = 48A40813266247CB0068A35B /* Prephirences.xcframework */; };
		48A4081726624C3B0068A35B /* Prephirences.xcframework in Embed Frameworks */ = {isa = PBXBuildFile; fileRef = 48A40813266247CB0068A35B /* Prephirences.xcframework */; settings = {ATTRIBUTES = (CodeSignOnCopy, RemoveHeadersOnCopy, ); }; };
		48A4081B2662576D0068A35B /* Prephirences in Frameworks */ = {isa = PBXBuildFile; productRef = 48A4081A2662576D0068A35B /* Prephirences */; };
/* End PBXBuildFile section */

/* Begin PBXCopyFilesBuildPhase section */
		48A4081826624C3B0068A35B /* Embed Frameworks */ = {
			isa = PBXCopyFilesBuildPhase;
			buildActionMask = 2147483647;
			dstPath = "";
			dstSubfolderSpec = 10;
			files = (
				48A4081726624C3B0068A35B /* Prephirences.xcframework in Embed Frameworks */,
			);
			name = "Embed Frameworks";
			runOnlyForDeploymentPostprocessing = 0;
		};
/* End PBXCopyFilesBuildPhase section */

/* Begin PBXFileReference section */
		48A407FB266245DC0068A35B /* TestXCFramework.app */ = {isa = PBXFileReference; explicitFileType = wrapper.application; includeInIndex = 0; path = TestXCFramework.app; sourceTree = BUILT_PRODUCTS_DIR; };
		48A407FE266245DC0068A35B /* AppDelegate.swift */ = {isa = PBXFileReference; lastKnownFileType = sourcecode.swift; path = AppDelegate.swift; sourceTree = "<group>"; };
		48A40800266245DC0068A35B /* SceneDelegate.swift */ = {isa = PBXFileReference; lastKnownFileType = sourcecode.swift; path = SceneDelegate.swift; sourceTree = "<group>"; };
		48A40802266245DC0068A35B /* ViewController.swift */ = {isa = PBXFileReference; lastKnownFileType = sourcecode.swift; path = ViewController.swift; sourceTree = "<group>"; };
		48A40805266245DC0068A35B /* Base */ = {isa = PBXFileReference; lastKnownFileType = file.storyboard; name = Base; path = Base.lproj/Main.storyboard; sourceTree = "<group>"; };
		48A40807266245DC0068A35B /* Assets.xcassets */ = {isa = PBXFileReference; lastKnownFileType = folder.assetcatalog; path = Assets.xcassets; sourceTree = "<group>"; };
		48A4080A266245DC0068A35B /* Base */ = {isa = PBXFileReference; lastKnownFileType = file.storyboard; name = Base; path = Base.lproj/LaunchScreen.storyboard; sourceTree = "<group>"; };
		48A4080C266245DC0068A35B /* Info.plist */ = {isa = PBXFileReference; lastKnownFileType = text.plist.xml; path = Info.plist; sourceTree = "<group>"; };
		48A40813266247CB0068A35B /* Prephirences.xcframework */ = {isa = PBXFileReference; lastKnownFileType = wrapper.xcframework; path = Prephirences.xcframework; sourceTree = BUILT_PRODUCTS_DIR; };
		48A4081526624BA30068A35B /* TestXCFramework.entitlements */ = {isa = PBXFileReference; lastKnownFileType = text.plist.entitlements; path = TestXCFramework.entitlements; sourceTree = "<group>"; };
/* End PBXFileReference section */

/* Begin PBXFrameworksBuildPhase section */
		48A407F8266245DC0068A35B /* Frameworks */ = {
			isa = PBXFrameworksBuildPhase;
			buildActionMask = 2147483647;
			files = (
				48A4081B2662576D0068A35B /* Prephirences in Frameworks */,
				48A4081626624C3B0068A35B /* Prephirences.xcframework in Frameworks */,
			);
			runOnlyForDeploymentPostprocessing = 0;
		};
/* End PBXFrameworksBuildPhase section */

/* Begin PBXGroup section */
		48A407F2266245DC0068A35B = {
			isa = PBXGroup;
			children = (
				48A40812266247BA0068A35B /* Frameworks */,
				48A407FD266245DC0068A35B /* TestXCFramework */,
				48A407FC266245DC0068A35B /* Products */,
			);
			sourceTree = "<group>";
		};
		48A407FC266245DC0068A35B /* Products */ = {
			isa = PBXGroup;
			children = (
				48A407FB266245DC0068A35B /* TestXCFramework.app */,
			);
			name = Products;
			sourceTree = "<group>";
		};
		48A407FD266245DC0068A35B /* TestXCFramework */ = {
			isa = PBXGroup;
			children = (
				48A4081526624BA30068A35B /* TestXCFramework.entitlements */,
				48A407FE266245DC0068A35B /* AppDelegate.swift */,
				48A40800266245DC0068A35B /* SceneDelegate.swift */,
				48A40802266245DC0068A35B /* ViewController.swift */,
				48A40804266245DC0068A35B /* Main.storyboard */,
				48A40807266245DC0068A35B /* Assets.xcassets */,
				48A40809266245DC0068A35B /* LaunchScreen.storyboard */,
				48A4080C266245DC0068A35B /* Info.plist */,
			);
			path = TestXCFramework;
			sourceTree = "<group>";
		};
		48A40812266247BA0068A35B /* Frameworks */ = {
			isa = PBXGroup;
			children = (
				48A40813266247CB0068A35B /* Prephirences.xcframework */,
			);
			path = Frameworks;
			sourceTree = "<group>";
		};
/* End PBXGroup section */

/* Begin PBXNativeTarget section */
		48A407FA266245DC0068A35B /* TestXCFramework */ = {
			isa = PBXNativeTarget;
			buildConfigurationList = 48A4080F266245DC0068A35B /* Build configuration list for PBXNativeTarget "TestXCFramework" */;
			buildPhases = (
				48A407F7266245DC0068A35B /* Sources */,
				48A407F8266245DC0068A35B /* Frameworks */,
				48A407F9266245DC0068A35B /* Resources */,
				48A4081826624C3B0068A35B /* Embed Frameworks */,
			);
			buildRules = (
			);
			dependencies = (
			);
			name = TestXCFramework;
			packageProductDependencies = (
				48A4081A2662576D0068A35B /* Prephirences */,
			);
			productName = TestXCFramework;
			productReference = 48A407FB266245DC0068A35B /* TestXCFramework.app */;
			productType = "com.apple.product-type.application";
		};
/* End PBXNativeTarget section */

/* Begin PBXProject section */
		48A407F3266245DC0068A35B /* Project object */ = {
			isa = PBXProject;
			attributes = {
				LastSwiftUpdateCheck = 1250;
				LastUpgradeCheck = 1250;
				TargetAttributes = {
					48A407FA266245DC0068A35B = {
						CreatedOnToolsVersion = 12.5;
					};
				};
			};
			buildConfigurationList = 48A407F6266245DC0068A35B /* Build configuration list for PBXProject "TestXCFramework" */;
			compatibilityVersion = "Xcode 9.3";
			developmentRegion = en;
			hasScannedForEncodings = 0;
			knownRegions = (
				en,
				Base,
			);
			mainGroup = 48A407F2266245DC0068A35B;
			packageReferences = (
				48A408192662576D0068A35B /* XCRemoteSwiftPackageReference "Prephirences" */,
			);
			productRefGroup = 48A407FC266245DC0068A35B /* Products */;
			projectDirPath = "";
			projectRoot = "";
			targets = (
				48A407FA266245DC0068A35B /* TestXCFramework */,
			);
		};
/* End PBXProject section */

/* Begin PBXResourcesBuildPhase section */
		48A407F9266245DC0068A35B /* Resources */ = {
			isa = PBXResourcesBuildPhase;
			buildActionMask = 2147483647;
			files = (
				48A4080B266245DC0068A35B /* LaunchScreen.storyboard in Resources */,
				48A40808266245DC0068A35B /* Assets.xcassets in Resources */,
				48A40806266245DC0068A35B /* Main.storyboard in Resources */,
			);
			runOnlyForDeploymentPostprocessing = 0;
		};
/* End PBXResourcesBuildPhase section */

/* Begin PBXSourcesBuildPhase section */
		48A407F7266245DC0068A35B /* Sources */ = {
			isa = PBXSourcesBuildPhase;
			buildActionMask = 2147483647;
			files = (
				48A40803266245DC0068A35B /* ViewController.swift in Sources */,
				48A407FF266245DC0068A35B /* AppDelegate.swift in Sources */,
				48A40801266245DC0068A35B /* SceneDelegate.swift in Sources */,
			);
			runOnlyForDeploymentPostprocessing = 0;
		};
/* End PBXSourcesBuildPhase section */

/* Begin PBXVariantGroup section */
		48A40804266245DC0068A35B /* Main.storyboard */ = {
			isa = PBXVariantGroup;
			children = (
				48A40805266245DC0068A35B /* Base */,
			);
			name = Main.storyboard;
			sourceTree = "<group>";
		};
		48A40809266245DC0068A35B /* LaunchScreen.storyboard */ = {
			isa = PBXVariantGroup;
			children = (
				48A4080A266245DC0068A35B /* Base */,
			);
			name = LaunchScreen.storyboard;
			sourceTree = "<group>";
		};
/* End PBXVariantGroup section */

/* Begin XCBuildConfiguration section */
		48A4080D266245DC0068A35B /* Debug */ = {
			isa = XCBuildConfiguration;
			buildSettings = {
				ALWAYS_SEARCH_USER_PATHS = NO;
				CLANG_ANALYZER_NONNULL = YES;
				CLANG_ANALYZER_NUMBER_OBJECT_CONVERSION = YES_AGGRESSIVE;
				CLANG_CXX_LANGUAGE_STANDARD = "gnu++14";
				CLANG_CXX_LIBRARY = "libc++";
				CLANG_ENABLE_MODULES = YES;
				CLANG_ENABLE_OBJC_ARC = YES;
				CLANG_ENABLE_OBJC_WEAK = YES;
				CLANG_WARN_BLOCK_CAPTURE_AUTORELEASING = YES;
				CLANG_WARN_BOOL_CONVERSION = YES;
				CLANG_WARN_COMMA = YES;
				CLANG_WARN_CONSTANT_CONVERSION = YES;
				CLANG_WARN_DEPRECATED_OBJC_IMPLEMENTATIONS = YES;
				CLANG_WARN_DIRECT_OBJC_ISA_USAGE = YES_ERROR;
				CLANG_WARN_DOCUMENTATION_COMMENTS = YES;
				CLANG_WARN_EMPTY_BODY = YES;
				CLANG_WARN_ENUM_CONVERSION = YES;
				CLANG_WARN_INFINITE_RECURSION = YES;
				CLANG_WARN_INT_CONVERSION = YES;
				CLANG_WARN_NON_LITERAL_NULL_CONVERSION = YES;
				CLANG_WARN_OBJC_IMPLICIT_RETAIN_SELF = YES;
				CLANG_WARN_OBJC_LITERAL_CONVERSION = YES;
				CLANG_WARN_OBJC_ROOT_CLASS = YES_ERROR;
				CLANG_WARN_QUOTED_INCLUDE_IN_FRAMEWORK_HEADER = YES;
				CLANG_WARN_RANGE_LOOP_ANALYSIS = YES;
				CLANG_WARN_STRICT_PROTOTYPES = YES;
				CLANG_WARN_SUSPICIOUS_MOVE = YES;
				CLANG_WARN_UNGUARDED_AVAILABILITY = YES_AGGRESSIVE;
				CLANG_WARN_UNREACHABLE_CODE = YES;
				CLANG_WARN__DUPLICATE_METHOD_MATCH = YES;
				COPY_PHASE_STRIP = NO;
				DEBUG_INFORMATION_FORMAT = dwarf;
				ENABLE_STRICT_OBJC_MSGSEND = YES;
				ENABLE_TESTABILITY = YES;
				GCC_C_LANGUAGE_STANDARD = gnu11;
				GCC_DYNAMIC_NO_PIC = NO;
				GCC_NO_COMMON_BLOCKS = YES;
				GCC_OPTIMIZATION_LEVEL = 0;
				GCC_PREPROCESSOR_DEFINITIONS = (
					"DEBUG=1",
					"$(inherited)",
				);
				GCC_WARN_64_TO_32_BIT_CONVERSION = YES;
				GCC_WARN_ABOUT_RETURN_TYPE = YES_ERROR;
				GCC_WARN_UNDECLARED_SELECTOR = YES;
				GCC_WARN_UNINITIALIZED_AUTOS = YES_AGGRESSIVE;
				GCC_WARN_UNUSED_FUNCTION = YES;
				GCC_WARN_UNUSED_VARIABLE = YES;
				IPHONEOS_DEPLOYMENT_TARGET = 14.5;
				MTL_ENABLE_DEBUG_INFO = INCLUDE_SOURCE;
				MTL_FAST_MATH = YES;
				ONLY_ACTIVE_ARCH = YES;
				SDKROOT = iphoneos;
				SWIFT_ACTIVE_COMPILATION_CONDITIONS = DEBUG;
				SWIFT_OPTIMIZATION_LEVEL = "-Onone";
			};
			name = Debug;
		};
		48A4080E266245DC0068A35B /* Release */ = {
			isa = XCBuildConfiguration;
			buildSettings = {
				ALWAYS_SEARCH_USER_PATHS = NO;
				CLANG_ANALYZER_NONNULL = YES;
				CLANG_ANALYZER_NUMBER_OBJECT_CONVERSION = YES_AGGRESSIVE;
				CLANG_CXX_LANGUAGE_STANDARD = "gnu++14";
				CLANG_CXX_LIBRARY = "libc++";
				CLANG_ENABLE_MODULES = YES;
				CLANG_ENABLE_OBJC_ARC = YES;
				CLANG_ENABLE_OBJC_WEAK = YES;
				CLANG_WARN_BLOCK_CAPTURE_AUTORELEASING = YES;
				CLANG_WARN_BOOL_CONVERSION = YES;
				CLANG_WARN_COMMA = YES;
				CLANG_WARN_CONSTANT_CONVERSION = YES;
				CLANG_WARN_DEPRECATED_OBJC_IMPLEMENTATIONS = YES;
				CLANG_WARN_DIRECT_OBJC_ISA_USAGE = YES_ERROR;
				CLANG_WARN_DOCUMENTATION_COMMENTS = YES;
				CLANG_WARN_EMPTY_BODY = YES;
				CLANG_WARN_ENUM_CONVERSION = YES;
				CLANG_WARN_INFINITE_RECURSION = YES;
				CLANG_WARN_INT_CONVERSION = YES;
				CLANG_WARN_NON_LITERAL_NULL_CONVERSION = YES;
				CLANG_WARN_OBJC_IMPLICIT_RETAIN_SELF = YES;
				CLANG_WARN_OBJC_LITERAL_CONVERSION = YES;
				CLANG_WARN_OBJC_ROOT_CLASS = YES_ERROR;
				CLANG_WARN_QUOTED_INCLUDE_IN_FRAMEWORK_HEADER = YES;
				CLANG_WARN_RANGE_LOOP_ANALYSIS = YES;
				CLANG_WARN_STRICT_PROTOTYPES = YES;
				CLANG_WARN_SUSPICIOUS_MOVE = YES;
				CLANG_WARN_UNGUARDED_AVAILABILITY = YES_AGGRESSIVE;
				CLANG_WARN_UNREACHABLE_CODE = YES;
				CLANG_WARN__DUPLICATE_METHOD_MATCH = YES;
				COPY_PHASE_STRIP = NO;
				DEBUG_INFORMATION_FORMAT = "dwarf-with-dsym";
				ENABLE_NS_ASSERTIONS = NO;
				ENABLE_STRICT_OBJC_MSGSEND = YES;
				GCC_C_LANGUAGE_STANDARD = gnu11;
				GCC_NO_COMMON_BLOCKS = YES;
				GCC_WARN_64_TO_32_BIT_CONVERSION = YES;
				GCC_WARN_ABOUT_RETURN_TYPE = YES_ERROR;
				GCC_WARN_UNDECLARED_SELECTOR = YES;
				GCC_WARN_UNINITIALIZED_AUTOS = YES_AGGRESSIVE;
				GCC_WARN_UNUSED_FUNCTION = YES;
				GCC_WARN_UNUSED_VARIABLE = YES;
				IPHONEOS_DEPLOYMENT_TARGET = 14.5;
				MTL_ENABLE_DEBUG_INFO = NO;
				MTL_FAST_MATH = YES;
				SDKROOT = iphoneos;
				SWIFT_COMPILATION_MODE = wholemodule;
				SWIFT_OPTIMIZATION_LEVEL = "-O";
				VALIDATE_PRODUCT = YES;
			};
			name = Release;
		};
		48A40810266245DC0068A35B /* Debug */ = {
			isa = XCBuildConfiguration;
			buildSettings = {
				ASSETCATALOG_COMPILER_APPICON_NAME = AppIcon;
				ASSETCATALOG_COMPILER_GLOBAL_ACCENT_COLOR_NAME = AccentColor;
				CODE_SIGN_ENTITLEMENTS = TestXCFramework/TestXCFramework.entitlements;
				CODE_SIGN_STYLE = Automatic;
				DEVELOPMENT_TEAM = 37UG5W39Z2;
				INFOPLIST_FILE = TestXCFramework/Info.plist;
				IPHONEOS_DEPLOYMENT_TARGET = 14.1;
				LD_RUNPATH_SEARCH_PATHS = (
					"$(inherited)",
					"@executable_path/Frameworks",
				);
				PRODUCT_BUNDLE_IDENTIFIER = com.phimage.TestXCFramework;
				PRODUCT_NAME = "$(TARGET_NAME)";
				SUPPORTS_MACCATALYST = NO;
				SUPPORTS_MAC_DESIGNED_FOR_IPHONE_IPAD = NO;
				SWIFT_VERSION = 5.0;
				TARGETED_DEVICE_FAMILY = "1,2";
			};
			name = Debug;
		};
		48A40811266245DC0068A35B /* Release */ = {
			isa = XCBuildConfiguration;
			buildSettings = {
				ASSETCATALOG_COMPILER_APPICON_NAME = AppIcon;
				ASSETCATALOG_COMPILER_GLOBAL_ACCENT_COLOR_NAME = AccentColor;
				CODE_SIGN_ENTITLEMENTS = TestXCFramework/TestXCFramework.entitlements;
				CODE_SIGN_STYLE = Automatic;
				DEVELOPMENT_TEAM = 37UG5W39Z2;
				INFOPLIST_FILE = TestXCFramework/Info.plist;
				IPHONEOS_DEPLOYMENT_TARGET = 14.1;
				LD_RUNPATH_SEARCH_PATHS = (
					"$(inherited)",
					"@executable_path/Frameworks",
				);
				PRODUCT_BUNDLE_IDENTIFIER = com.phimage.TestXCFramework;
				PRODUCT_NAME = "$(TARGET_NAME)";
				SUPPORTS_MACCATALYST = NO;
				SUPPORTS_MAC_DESIGNED_FOR_IPHONE_IPAD = NO;
				SWIFT_VERSION = 5.0;
				TARGETED_DEVICE_FAMILY = "1,2";
			};
			name = Release;
		};
/* End XCBuildConfiguration section */

/* Begin XCConfigurationList section */
		48A407F6266245DC0068A35B /* Build configuration list for PBXProject "TestXCFramework" */ = {
			isa = XCConfigurationList;
			buildConfigurations = (
				48A4080D266245DC0068A35B /* Debug */,
				48A4080E266245DC0068A35B /* Release */,
			);
			defaultConfigurationIsVisible = 0;
			defaultConfigurationName = Release;
		};
		48A4080F266245DC0068A35B /* Build configuration list for PBXNativeTarget "TestXCFramework" */ = {
			isa = XCConfigurationList;
			buildConfigurations = (
				48A40810266245DC0068A35B /* Debug */,
				48A40811266245DC0068A35B /* Release */,
			);
			defaultConfigurationIsVisible = 0;
			defaultConfigurationName = Release;
		};
/* End XCConfigurationList section */

/* Begin XCRemoteSwiftPackageReference section */
		48A408192662576D0068A35B /* XCRemoteSwiftPackageReference "Prephirences" */ = {
			isa = XCRemoteSwiftPackageReference;
			repositoryURL = "https://github.com/phimage/Prephirences.git";
			requirement = {
				kind = upToNextMajorVersion;
				minimumVersion = 5.1.0;
			};
		};
/* End XCRemoteSwiftPackageReference section */

/* Begin XCSwiftPackageProductDependency section */
		48A4081A2662576D0068A35B /* Prephirences */ = {
			isa = XCSwiftPackageProductDependency;
			package = 48A408192662576D0068A35B /* XCRemoteSwiftPackageReference "Prephirences" */;
			productName = Prephirences;
		};
/* End XCSwiftPackageProductDependency section */
	};
	rootObject = 48A407F3266245DC0068A35B /* Project object */;
}
